
Microsoft Visual Studio Solution File, Format Version 12.00
# Visual Studio Version 17
VisualStudioVersion = 17.14.36518.9 d17.14
MinimumVisualStudioVersion = 10.0.40219.1
Project("{FAE04EC0-301F-11D3-BF4B-00C04F79EFBC}") = "SignFlow", "SignFlow.csproj", "{562F21F0-9375-4D46-AE0F-5699B6E50B26}"
EndProject
Global
	GlobalSection(SolutionConfigurationPlatforms) = preSolution
		Debug|Any CPU = Debug|Any CPU
		Release|Any CPU = Release|Any CPU
	EndGlobalSection
	GlobalSection(ProjectConfigurationPlatforms) = postSolution
		{562F21F0-9375-4D46-AE0F-5699B6E50B26}.Debug|Any CPU.ActiveCfg = Debug|Any CPU
		{562F21F0-9375-4D46-AE0F-5699B6E50B26}.Debug|Any CPU.Build.0 = Debug|Any CPU
		{562F21F0-9375-4D46-AE0F-5699B6E50B26}.Release|Any CPU.ActiveCfg = Release|Any CPU
		{562F21F0-9375-4D46-AE0F-5699B6E50B26}.Release|Any CPU.Build.0 = Release|Any CPU
	EndGlobalSection
	GlobalSection(SolutionProperties) = preSolution
		HideSolutionNode = FALSE
	EndGlobalSection
	GlobalSection(ExtensibilityGlobals) = postSolution
		SolutionGuid = {463EDED2-9773-4135-BE49-6B0296E74CCD}
	EndGlobalSection
EndGlobal
